{
    "_meta": {
        "hash": {
            "sha256": "8bf246987058e9b946fc39413bc3c8a044e5b2077a6c43ac2d80051c60d52cca"
        },
        "pipfile-spec": 6,
        "requires": {
            "python_version": "3.7"
        },
        "sources": [
            {
                "name": "pypi",
                "url": "https://pypi.org/simple",
                "verify_ssl": true
            }
        ]
    },
    "default": {
        "asgiref": {
            "hashes": [
                "sha256:71e68008da809b957b7ee4b43dbccff33d1b23519fb8344e33f049897077afac",
                "sha256:9567dfe7bd8d3c8c892227827c41cce860b368104c3431da67a0c5a65a949506"
            ],
            "markers": "python_version >= '3.7'",
            "version": "==3.6.0"
        },
        "django": {
            "hashes": [
                "sha256:9f8be75646f62204320b195062b1d696ba28aa3d45ee72fb7c888ffaebc5bdb2",
                "sha256:a6e0d1ff11095b7394c079ade7094c73b2dc3df4a7a373c9b58ed73b77a97feb"
            ],
            "index": "pypi",
            "version": "==3.1.13"
        },
        "djangorestframework": {
            "hashes": [
                "sha256:5cc724dc4b076463497837269107e1995b1fbc917468d1b92d188fd1af9ea789",
                "sha256:a5967b68a04e0d97d10f4df228e30f5a2d82ba63b9d03e1759f84993b7bf1b53"
            ],
            "index": "pypi",
            "version": "==3.11.2"
        },
        "pytz": {
            "hashes": [
                "sha256:1d8ce29db189191fb55338ee6d0387d82ab59f3d00eac103412d64e0ebd0c588",
                "sha256:a151b3abb88eda1d4e34a9814df37de2a80e301e68ba0fd856fb9b46bfbbbffb"
            ],
            "version": "==2023.3"
        },
        "sqlparse": {
            "hashes": [
                "sha256:5430a4fe2ac7d0f93e66f1efc6e1338a41884b7ddf2a350cedd20ccc4d9d28f3",
                "sha256:d446183e84b8349fa3061f0fe7f06ca94ba65b426946ffebe6e3e8295332420c"
            ],
            "index": "pypi",
            "version": "==0.4.4"
        },
        "typing-extensions": {
            "hashes": [
                "sha256:5cb5f4a79139d699607b3ef622a1dedafa84e115ab0024e0d9c044a9479ca7cb",
                "sha256:fb33085c39dd998ac16d1431ebc293a8b3eedd00fd4a32de0ff79002c19511b4"
            ],
            "markers": "python_version < '3.8'",
            "version": "==4.5.0"
        }
    },
    "develop": {}
}
